<?xml version="1.0" encoding="utf-8"?>
<Project ToolsVersion="4.0" xmlns="http://schemas.microsoft.com/developer/msbuild/2003">
  <ItemGroup>
    <ClCompile Include="cpp_client.cpp" />
  </ItemGroup>
  <ItemGroup>
    <ClInclude Include="DataPacket.h" />
    <ClInclude Include="common_util.h" />
    <ClInclude Include="RateTracker.h" />
    <ClInclude Include="StatsCalc.h" />
    <ClInclude Include="CsvWriter.h" />
  </ItemGroup>
</Project>